
Microsoft Visual Studio Solution File, Format Version 12.00
Project("{2150E333-8FDC-42A3-9474-1A3956D46DE8}") = "Core", "Core", "{827066C9-F797-45CD-BCB4-090F00F5C185}"
EndProject
Project("{2150E333-8FDC-42A3-9474-1A3956D46DE8}") = "Infrastructure", "Infrastructure", "{7A03A1F3-9DF0-40ED-A5EB-2FF96142361B}"
EndProject
Project("{FAE04EC0-301F-11D3-BF4B-00C04F79EFBC}") = "Persistent", "Persistent\Persistent.csproj", "{A1F24895-4288-4C19-8BDE-4755934BBAB0}"
EndProject
Project("{FAE04EC0-301F-11D3-BF4B-00C04F79EFBC}") = "Domain", "Domain\Domain.csproj", "{2C4B6D94-9433-467D-858D-93FDE7D43ED0}"
EndProject
Project("{FAE04EC0-301F-11D3-BF4B-00C04F79EFBC}") = "Service", "Service\Service.csproj", "{B9790163-BAE2-4D40-B372-E971EE0C7CD1}"
EndProject
Project("{FAE04EC0-301F-11D3-BF4B-00C04F79EFBC}") = "Service.Abstraction", "Service.Abstraction\Service.Abstraction.csproj", "{AEA969F1-7CF6-4E1F-916B-0233E768C1AA}"
EndProject
Project("{FAE04EC0-301F-11D3-BF4B-00C04F79EFBC}") = "Shared", "Shared\Shared.csproj", "{D664B29C-D4E7-4ADB-A9E3-675E1FD80CFA}"
EndProject
Project("{FAE04EC0-301F-11D3-BF4B-00C04F79EFBC}") = "Presentation", "Presentation\Presentation.csproj", "{EF3DC2BE-18BA-4C5A-A17D-E7E2275F8951}"
EndProject
Project("{FAE04EC0-301F-11D3-BF4B-00C04F79EFBC}") = "OnionExample", "OnionExample\OnionExample.csproj", "{441DC5C4-7EF3-4427-B974-3B689FDFA9B9}"
EndProject
Global
	GlobalSection(SolutionConfigurationPlatforms) = preSolution
		Debug|Any CPU = Debug|Any CPU
		Release|Any CPU = Release|Any CPU
	EndGlobalSection
	GlobalSection(ProjectConfigurationPlatforms) = postSolution
		{A1F24895-4288-4C19-8BDE-4755934BBAB0}.Debug|Any CPU.ActiveCfg = Debug|Any CPU
		{A1F24895-4288-4C19-8BDE-4755934BBAB0}.Debug|Any CPU.Build.0 = Debug|Any CPU
		{A1F24895-4288-4C19-8BDE-4755934BBAB0}.Release|Any CPU.ActiveCfg = Release|Any CPU
		{A1F24895-4288-4C19-8BDE-4755934BBAB0}.Release|Any CPU.Build.0 = Release|Any CPU
		{2C4B6D94-9433-467D-858D-93FDE7D43ED0}.Debug|Any CPU.ActiveCfg = Debug|Any CPU
		{2C4B6D94-9433-467D-858D-93FDE7D43ED0}.Debug|Any CPU.Build.0 = Debug|Any CPU
		{2C4B6D94-9433-467D-858D-93FDE7D43ED0}.Release|Any CPU.ActiveCfg = Release|Any CPU
		{2C4B6D94-9433-467D-858D-93FDE7D43ED0}.Release|Any CPU.Build.0 = Release|Any CPU
		{B9790163-BAE2-4D40-B372-E971EE0C7CD1}.Debug|Any CPU.ActiveCfg = Debug|Any CPU
		{B9790163-BAE2-4D40-B372-E971EE0C7CD1}.Debug|Any CPU.Build.0 = Debug|Any CPU
		{B9790163-BAE2-4D40-B372-E971EE0C7CD1}.Release|Any CPU.ActiveCfg = Release|Any CPU
		{B9790163-BAE2-4D40-B372-E971EE0C7CD1}.Release|Any CPU.Build.0 = Release|Any CPU
		{AEA969F1-7CF6-4E1F-916B-0233E768C1AA}.Debug|Any CPU.ActiveCfg = Debug|Any CPU
		{AEA969F1-7CF6-4E1F-916B-0233E768C1AA}.Debug|Any CPU.Build.0 = Debug|Any CPU
		{AEA969F1-7CF6-4E1F-916B-0233E768C1AA}.Release|Any CPU.ActiveCfg = Release|Any CPU
		{AEA969F1-7CF6-4E1F-916B-0233E768C1AA}.Release|Any CPU.Build.0 = Release|Any CPU
		{D664B29C-D4E7-4ADB-A9E3-675E1FD80CFA}.Debug|Any CPU.ActiveCfg = Debug|Any CPU
		{D664B29C-D4E7-4ADB-A9E3-675E1FD80CFA}.Debug|Any CPU.Build.0 = Debug|Any CPU
		{D664B29C-D4E7-4ADB-A9E3-675E1FD80CFA}.Release|Any CPU.ActiveCfg = Release|Any CPU
		{D664B29C-D4E7-4ADB-A9E3-675E1FD80CFA}.Release|Any CPU.Build.0 = Release|Any CPU
		{EF3DC2BE-18BA-4C5A-A17D-E7E2275F8951}.Debug|Any CPU.ActiveCfg = Debug|Any CPU
		{EF3DC2BE-18BA-4C5A-A17D-E7E2275F8951}.Debug|Any CPU.Build.0 = Debug|Any CPU
		{EF3DC2BE-18BA-4C5A-A17D-E7E2275F8951}.Release|Any CPU.ActiveCfg = Release|Any CPU
		{EF3DC2BE-18BA-4C5A-A17D-E7E2275F8951}.Release|Any CPU.Build.0 = Release|Any CPU
		{441DC5C4-7EF3-4427-B974-3B689FDFA9B9}.Debug|Any CPU.ActiveCfg = Debug|Any CPU
		{441DC5C4-7EF3-4427-B974-3B689FDFA9B9}.Debug|Any CPU.Build.0 = Debug|Any CPU
		{441DC5C4-7EF3-4427-B974-3B689FDFA9B9}.Release|Any CPU.ActiveCfg = Release|Any CPU
		{441DC5C4-7EF3-4427-B974-3B689FDFA9B9}.Release|Any CPU.Build.0 = Release|Any CPU
	EndGlobalSection
	GlobalSection(NestedProjects) = preSolution
		{A1F24895-4288-4C19-8BDE-4755934BBAB0} = {7A03A1F3-9DF0-40ED-A5EB-2FF96142361B}
		{2C4B6D94-9433-467D-858D-93FDE7D43ED0} = {827066C9-F797-45CD-BCB4-090F00F5C185}
		{B9790163-BAE2-4D40-B372-E971EE0C7CD1} = {827066C9-F797-45CD-BCB4-090F00F5C185}
		{AEA969F1-7CF6-4E1F-916B-0233E768C1AA} = {827066C9-F797-45CD-BCB4-090F00F5C185}
		{EF3DC2BE-18BA-4C5A-A17D-E7E2275F8951} = {7A03A1F3-9DF0-40ED-A5EB-2FF96142361B}
	EndGlobalSection
EndGlobal
